
Microsoft Visual Studio Solution File, Format Version 12.00
# Visual Studio 15
VisualStudioVersion = 15.0.27703.2042
MinimumVisualStudioVersion = 10.0.40219.1
Project("{FAE04EC0-301F-11D3-BF4B-00C04F79EFBC}") = "EvenOrOdd", "EvenOrOdd\EvenOrOdd.csproj", "{EE68BF1D-8758-40C4-8D50-B90E891CB5CD}"
EndProject
Global
	GlobalSection(SolutionConfigurationPlatforms) = preSolution
		Debug|Any CPU = Debug|Any CPU
		Release|Any CPU = Release|Any CPU
	EndGlobalSection
	GlobalSection(ProjectConfigurationPlatforms) = postSolution
		{EE68BF1D-8758-40C4-8D50-B90E891CB5CD}.Debug|Any CPU.ActiveCfg = Debug|Any CPU
		{EE68BF1D-8758-40C4-8D50-B90E891CB5CD}.Debug|Any CPU.Build.0 = Debug|Any CPU
		{EE68BF1D-8758-40C4-8D50-B90E891CB5CD}.Release|Any CPU.ActiveCfg = Release|Any CPU
		{EE68BF1D-8758-40C4-8D50-B90E891CB5CD}.Release|Any CPU.Build.0 = Release|Any CPU
	EndGlobalSection
	GlobalSection(SolutionProperties) = preSolution
		HideSolutionNode = FALSE
	EndGlobalSection
	GlobalSection(ExtensibilityGlobals) = postSolution
		SolutionGuid = {777FCF43-9D12-4A8D-9FF7-3581367E4612}
	EndGlobalSection
EndGlobal
